
Microsoft Visual Studio Solution File, Format Version 12.00
# Visual Studio Version 17
VisualStudioVersion = 17.13.35825.156 d17.13
MinimumVisualStudioVersion = 10.0.40219.1
Project("{FAE04EC0-301F-11D3-BF4B-00C04F79EFBC}") = "sudoku", "sudoku.csproj", "{867C5577-A488-4960-8386-B7C74C269801}"
EndProject
Global
	GlobalSection(SolutionConfigurationPlatforms) = preSolution
		Debug|Any CPU = Debug|Any CPU
		Release|Any CPU = Release|Any CPU
	EndGlobalSection
	GlobalSection(ProjectConfigurationPlatforms) = postSolution
		{867C5577-A488-4960-8386-B7C74C269801}.Debug|Any CPU.ActiveCfg = Debug|Any CPU
		{867C5577-A488-4960-8386-B7C74C269801}.Debug|Any CPU.Build.0 = Debug|Any CPU
		{867C5577-A488-4960-8386-B7C74C269801}.Release|Any CPU.ActiveCfg = Release|Any CPU
		{867C5577-A488-4960-8386-B7C74C269801}.Release|Any CPU.Build.0 = Release|Any CPU
	EndGlobalSection
	GlobalSection(SolutionProperties) = preSolution
		HideSolutionNode = FALSE
	EndGlobalSection
	GlobalSection(ExtensibilityGlobals) = postSolution
		SolutionGuid = {EEC746F2-91CC-4192-8E29-123169357165}
	EndGlobalSection
EndGlobal
